
Microsoft Visual Studio Solution File, Format Version 12.00
# Visual Studio Version 16
VisualStudioVersion = 16.0.30309.148
MinimumVisualStudioVersion = 10.0.40219.1
Project("{9A19103F-16F7-4668-BE54-9A1E7A4F7556}") = "GradeBook", "Gradebook\GradeBook.csproj", "{83443133-D281-4553-BE9C-4E6E6275276C}"
EndProject
Project("{9A19103F-16F7-4668-BE54-9A1E7A4F7556}") = "GradeBook.Tests", "GradeBook.Tests\GradeBook.Tests.csproj", "{4C2D864D-00B6-4B0E-BD72-11D4D2AF12A5}"
EndProject
Project("{FAE04EC0-301F-11D3-BF4B-00C04F79EFBC}") = "TopTenPops", "TopTenPops\TopTenPops.csproj", "{00AA9C7E-9EFC-451C-8BBC-FD3A2CD1F2C7}"
EndProject
Project("{FAE04EC0-301F-11D3-BF4B-00C04F79EFBC}") = "NoughtsCrosses", "NoughtsCrosses\NoughtsCrosses.csproj", "{D4A70497-89EC-4219-9DC3-4BE27AADC34E}"
EndProject
Project("{FAE04EC0-301F-11D3-BF4B-00C04F79EFBC}") = "ACM.BL", "ACM.BL\ACM.BL.csproj", "{9E83C133-325B-4F2E-A576-DBE94D1268BB}"
EndProject
Global
	GlobalSection(SolutionConfigurationPlatforms) = preSolution
		Debug|Any CPU = Debug|Any CPU
		Release|Any CPU = Release|Any CPU
	EndGlobalSection
	GlobalSection(ProjectConfigurationPlatforms) = postSolution
		{83443133-D281-4553-BE9C-4E6E6275276C}.Debug|Any CPU.ActiveCfg = Debug|Any CPU
		{83443133-D281-4553-BE9C-4E6E6275276C}.Debug|Any CPU.Build.0 = Debug|Any CPU
		{83443133-D281-4553-BE9C-4E6E6275276C}.Release|Any CPU.ActiveCfg = Release|Any CPU
		{83443133-D281-4553-BE9C-4E6E6275276C}.Release|Any CPU.Build.0 = Release|Any CPU
		{4C2D864D-00B6-4B0E-BD72-11D4D2AF12A5}.Debug|Any CPU.ActiveCfg = Debug|Any CPU
		{4C2D864D-00B6-4B0E-BD72-11D4D2AF12A5}.Debug|Any CPU.Build.0 = Debug|Any CPU
		{4C2D864D-00B6-4B0E-BD72-11D4D2AF12A5}.Release|Any CPU.ActiveCfg = Release|Any CPU
		{4C2D864D-00B6-4B0E-BD72-11D4D2AF12A5}.Release|Any CPU.Build.0 = Release|Any CPU
		{00AA9C7E-9EFC-451C-8BBC-FD3A2CD1F2C7}.Debug|Any CPU.ActiveCfg = Debug|Any CPU
		{00AA9C7E-9EFC-451C-8BBC-FD3A2CD1F2C7}.Debug|Any CPU.Build.0 = Debug|Any CPU
		{00AA9C7E-9EFC-451C-8BBC-FD3A2CD1F2C7}.Release|Any CPU.ActiveCfg = Release|Any CPU
		{00AA9C7E-9EFC-451C-8BBC-FD3A2CD1F2C7}.Release|Any CPU.Build.0 = Release|Any CPU
		{D4A70497-89EC-4219-9DC3-4BE27AADC34E}.Debug|Any CPU.ActiveCfg = Debug|Any CPU
		{D4A70497-89EC-4219-9DC3-4BE27AADC34E}.Debug|Any CPU.Build.0 = Debug|Any CPU
		{D4A70497-89EC-4219-9DC3-4BE27AADC34E}.Release|Any CPU.ActiveCfg = Release|Any CPU
		{D4A70497-89EC-4219-9DC3-4BE27AADC34E}.Release|Any CPU.Build.0 = Release|Any CPU
		{9E83C133-325B-4F2E-A576-DBE94D1268BB}.Debug|Any CPU.ActiveCfg = Debug|Any CPU
		{9E83C133-325B-4F2E-A576-DBE94D1268BB}.Debug|Any CPU.Build.0 = Debug|Any CPU
		{9E83C133-325B-4F2E-A576-DBE94D1268BB}.Release|Any CPU.ActiveCfg = Release|Any CPU
		{9E83C133-325B-4F2E-A576-DBE94D1268BB}.Release|Any CPU.Build.0 = Release|Any CPU
	EndGlobalSection
	GlobalSection(SolutionProperties) = preSolution
		HideSolutionNode = FALSE
	EndGlobalSection
	GlobalSection(ExtensibilityGlobals) = postSolution
		SolutionGuid = {84E5DFD0-0BB0-4C6F-9669-9E82A95B363F}
	EndGlobalSection
EndGlobal
